{
  "version": 4,
  "terraform_version": "1.4.2",
  "serial": 18,
  "lineage": "2d321261-cc87-957b-2ec9-8c64abb6e743",
  "outputs": {},
  "resources": [
    {
      "mode": "managed",
      "type": "newrelic_alert_policy",
      "name": "workflow-policy",
      "provider": "provider[\"registry.terraform.io/newrelic/newrelic\"]",
      "instances": [
        {
          "schema_version": 0,
          "attributes": {
            "account_id": 4210388,
            "channel_ids": null,
            "id": "4885845",
            "incident_preference": "PER_POLICY",
            "name": "my-notification-policy"
          },
          "sensitive_attributes": [],
          "private": "bnVsbA=="
        }
      ]
    },
    {
      "mode": "managed",
      "type": "newrelic_notification_channel",
      "name": "workflow-channel",
      "provider": "provider[\"registry.terraform.io/newrelic/newrelic\"]",
      "instances": [
        {
          "schema_version": 0,
          "attributes": {
            "account_id": 4210388,
            "active": true,
            "destination_id": "4936eddc-a894-405d-86e2-aac59f5d5701",
            "id": "1c32d725-fbc9-4d14-9702-3a1f46ebc138",
            "name": "my-notification-channel",
            "product": "IINT",
            "property": [
              {
                "display_value": "",
                "key": "email",
                "label": "",
                "value": "arorayuvi256@gmail.com"
              },
              {
                "display_value": "",
                "key": "source",
                "label": "terraform-source-internal",
                "value": "terraform"
              }
            ],
            "status": "DEFAULT",
            "type": "EMAIL"
          },
          "sensitive_attributes": [],
          "private": "bnVsbA==",
          "dependencies": [
            "newrelic_notification_destination.workflow-destination"
          ]
        }
      ]
    },
    {
      "mode": "managed",
      "type": "newrelic_notification_destination",
      "name": "workflow-destination",
      "provider": "provider[\"registry.terraform.io/newrelic/newrelic\"]",
      "instances": [
        {
          "schema_version": 1,
          "attributes": {
            "account_id": 4210388,
            "active": true,
            "auth_basic": [],
            "auth_token": [],
            "id": "4936eddc-a894-405d-86e2-aac59f5d5701",
            "last_sent": "",
            "name": "my-destination-notification",
            "property": [
              {
                "display_value": "",
                "key": "email",
                "label": "",
                "value": "arorayuvi256@gmail.com"
              },
              {
                "display_value": "",
                "key": "source",
                "label": "terraform-source-internal",
                "value": "terraform"
              }
            ],
            "status": "DEFAULT",
            "type": "EMAIL"
          },
          "sensitive_attributes": [],
          "private": "eyJzY2hlbWFfdmVyc2lvbiI6IjEifQ=="
        }
      ]
    },
    {
      "mode": "managed",
      "type": "newrelic_nrql_alert_condition",
      "name": "workflow-condition",
      "provider": "provider[\"registry.terraform.io/newrelic/newrelic\"]",
      "instances": [
        {
          "schema_version": 0,
          "attributes": {
            "account_id": 4210388,
            "aggregation_delay": "120",
            "aggregation_method": "event_flow",
            "aggregation_timer": null,
            "aggregation_window": 60,
            "baseline_direction": null,
            "close_violations_on_expiration": false,
            "critical": [],
            "description": "i have nrql for CPU percentage if goes form 70%",
            "enabled": true,
            "entity_guid": "NDIxMDM4OHxBSU9QU3xDT05ESVRJT058Mzc1MjE2MDE",
            "evaluation_delay": null,
            "expiration_duration": 0,
            "fill_option": "none",
            "fill_value": 0,
            "id": "4885845:37521601",
            "name": "my-notification-condition",
            "nrql": [
              {
                "evaluation_offset": 0,
                "query": "SELECT average(cpuPercent) FROM SystemSample WHERE cpuPercent \u003e 50",
                "since_value": ""
              }
            ],
            "open_violation_on_expiration": false,
            "policy_id": 4885845,
            "runbook_url": "",
            "slide_by": null,
            "term": [],
            "timeouts": null,
            "type": "static",
            "violation_time_limit": "NON_MATCHABLE_LIMIT_VALUE",
            "violation_time_limit_seconds": 259200,
            "warning": [
              {
                "duration": 0,
                "operator": "above",
                "threshold": 3.5,
                "threshold_duration": 60,
                "threshold_occurrences": "all",
                "time_function": ""
              }
            ]
          },
          "sensitive_attributes": [],
          "private": "eyJlMmJmYjczMC1lY2FhLTExZTYtOGY4OC0zNDM2M2JjN2M0YzAiOnsiY3JlYXRlIjozMDAwMDAwMDAwMH19",
          "dependencies": [
            "newrelic_alert_policy.workflow-policy"
          ]
        }
      ]
    },
    {
      "mode": "managed",
      "type": "newrelic_workflow",
      "name": "main_workflow",
      "provider": "provider[\"registry.terraform.io/newrelic/newrelic\"]",
      "instances": [
        {
          "schema_version": 1,
          "attributes": {
            "account_id": 4210388,
            "destination": [
              {
                "channel_id": "1c32d725-fbc9-4d14-9702-3a1f46ebc138",
                "name": "my-notification-channel",
                "notification_triggers": [
                  "ACKNOWLEDGED",
                  "ACTIVATED",
                  "CLOSED"
                ],
                "type": "EMAIL"
              }
            ],
            "destinations_enabled": true,
            "enabled": true,
            "enrichments": [],
            "enrichments_enabled": true,
            "guid": "NDIxMDM4OHxBSU9QU3xXT1JLRkxPV3wwYTk5ODlmOS00NTk2LTRhZjItODJjYS0xMWRkOWVmODAwZTQ",
            "id": "0a9989f9-4596-4af2-82ca-11dd9ef800e4",
            "issues_filter": [
              {
                "filter_id": "b83c7aea-5d46-4f39-aa76-9333a588520b",
                "name": "filter-name",
                "predicate": [
                  {
                    "attribute": "labels.policyIds",
                    "operator": "EXACTLY_MATCHES",
                    "values": [
                      "4885845"
                    ]
                  }
                ],
                "type": "FILTER"
              }
            ],
            "last_run": "",
            "muting_rules_handling": "NOTIFY_ALL_ISSUES",
            "name": "my-workflow",
            "workflow_id": "0a9989f9-4596-4af2-82ca-11dd9ef800e4"
          },
          "sensitive_attributes": [],
          "private": "eyJzY2hlbWFfdmVyc2lvbiI6IjEifQ==",
          "dependencies": [
            "newrelic_alert_policy.workflow-policy",
            "newrelic_notification_channel.workflow-channel",
            "newrelic_notification_destination.workflow-destination"
          ]
        }
      ]
    }
  ],
  "check_results": null
}
